{
  "name": "dns",
  "lockfileVersion": 3,
  "requires": true,
  "packages": {
    "": {
      "name": "dns",
      "dependencies": {
        "@axiomhq/js": "^1.0.0-rc.1",
        "dns-packet": "^5.6.1",
        "dotenv": "^16.3.1"
      },
      "devDependencies": {
        "@types/dns-packet": "^5.6.2",
        "@types/node": "^20.8.9",
        "bun-types": "latest"
      },
      "peerDependencies": {
        "typescript": "^5.0.0"
      }
    },
    "node_modules/@axiomhq/js": {
      "version": "1.0.0-rc.1",
      "resolved": "https://registry.npmjs.org/@axiomhq/js/-/js-1.0.0-rc.1.tgz",
      "integrity": "sha512-B/TT5HPc3KmoEIJUwhfzAAp0SLNfcxQnr0SGEbs1lWS0OOLckgj1Q4K1Tp/l669Yje1CK68i3LcajU/9+z+v2g==",
      "dependencies": {
        "fetch-retry": "^5.0.3",
        "uuid": "^8.3.2"
      },
      "engines": {
        "node": ">=16"
      }
    },
    "node_modules/@leichtgewicht/ip-codec": {
      "version": "2.0.4",
      "resolved": "https://registry.npmjs.org/@leichtgewicht/ip-codec/-/ip-codec-2.0.4.tgz",
      "integrity": "sha512-Hcv+nVC0kZnQ3tD9GVu5xSMR4VVYOteQIr/hwFPVEvPdlXqgGEuRjiheChHgdM+JyqdgNcmzZOX/tnl0JOiI7A=="
    },
    "node_modules/@types/dns-packet": {
      "version": "5.6.2",
      "resolved": "https://registry.npmjs.org/@types/dns-packet/-/dns-packet-5.6.2.tgz",
      "integrity": "sha512-vgUZ0ilYvpnTDx7tBmmAUn1HsyzK3huAtulHaDbBBCW5UdaDrEei5XJjWHnD4s8r9/MSL1hJ8s+nvJdcvNKgMA==",
      "dev": true,
      "dependencies": {
        "@types/node": "*"
      }
    },
    "node_modules/@types/node": {
      "version": "20.8.10",
      "dev": true,
      "license": "MIT",
      "dependencies": {
        "undici-types": "~5.26.4"
      }
    },
    "node_modules/bun-types": {
      "version": "1.0.8",
      "resolved": "https://registry.npmjs.org/bun-types/-/bun-types-1.0.8.tgz",
      "integrity": "sha512-2dNB+dBwAcFW7RSd4y5vKycRjouKVklSwPk4EjBKWvcMYUBOqZGGNzV7+b2tfKBG3BeRXnozbnegVKR1azuATg==",
      "dev": true
    },
    "node_modules/dns-packet": {
      "version": "5.6.1",
      "resolved": "https://registry.npmjs.org/dns-packet/-/dns-packet-5.6.1.tgz",
      "integrity": "sha512-l4gcSouhcgIKRvyy99RNVOgxXiicE+2jZoNmaNmZ6JXiGajBOJAesk1OBlJuM5k2c+eudGdLxDqXuPCKIj6kpw==",
      "dependencies": {
        "@leichtgewicht/ip-codec": "^2.0.1"
      },
      "engines": {
        "node": ">=6"
      }
    },
    "node_modules/dotenv": {
      "version": "16.3.1",
      "resolved": "https://registry.npmjs.org/dotenv/-/dotenv-16.3.1.tgz",
      "integrity": "sha512-IPzF4w4/Rd94bA9imS68tZBaYyBWSCE47V1RGuMrB94iyTOIEwRmVL2x/4An+6mETpLrKJ5hQkB8W4kFAadeIQ==",
      "engines": {
        "node": ">=12"
      },
      "funding": {
        "url": "https://github.com/motdotla/dotenv?sponsor=1"
      }
    },
    "node_modules/fetch-retry": {
      "version": "5.0.6",
      "resolved": "https://registry.npmjs.org/fetch-retry/-/fetch-retry-5.0.6.tgz",
      "integrity": "sha512-3yurQZ2hD9VISAhJJP9bpYFNQrHHBXE2JxxjY5aLEcDi46RmAzJE2OC9FAde0yis5ElW0jTTzs0zfg/Cca4XqQ=="
    },
    "node_modules/typescript": {
      "version": "5.2.2",
      "license": "Apache-2.0",
      "peer": true,
      "bin": {
        "tsc": "bin/tsc",
        "tsserver": "bin/tsserver"
      },
      "engines": {
        "node": ">=14.17"
      }
    },
    "node_modules/undici-types": {
      "version": "5.26.5",
      "dev": true,
      "license": "MIT"
    },
    "node_modules/uuid": {
      "version": "8.3.2",
      "resolved": "https://registry.npmjs.org/uuid/-/uuid-8.3.2.tgz",
      "integrity": "sha512-+NYs2QeMWy+GWFOEm9xnn6HCDp0l7QBD7ml8zLUmJ+93Q5NF0NocErnwkTkXVFNiX3/fpC6afS8Dhb/gz7R7eg==",
      "bin": {
        "uuid": "dist/bin/uuid"
      }
    }
  }
}
